# This file is automatically @generated by Cargo.
# It is not intended for manual editing.
version = 4

[[package]]
name = "cc"
version = "1.2.13"
source = "registry+https://github.com/rust-lang/crates.io-index"
checksum = "c7777341816418c02e033934a09f20dc0ccaf65a5201ef8a450ae0105a573fda"
dependencies = [
 "shlex",
]

[[package]]
name = "dfp-number"
version = "0.0.11"
dependencies = [
 "dfp-number-sys",
]

[[package]]
name = "dfp-number-sys"
version = "0.2.13"
source = "registry+https://github.com/rust-lang/crates.io-index"
checksum = "f5a7b580b16fc19983fda18c3387b305dd2dbdf5ff89af85f64b16c38406b82f"
dependencies = [
 "cc",
 "libc",
]

[[package]]
name = "libc"
version = "0.2.137"
source = "registry+https://github.com/rust-lang/crates.io-index"
checksum = "fc7fcc620a3bff7cdd7a365be3376c97191aeaccc2a603e600951e452615bf89"

[[package]]
name = "shlex"
version = "1.3.0"
source = "registry+https://github.com/rust-lang/crates.io-index"
checksum = "0fda2ff0d084019ba4d7c6f371c95d8fd75ce3524c3cb8fb653a3023f6323e64"
